
Microsoft Visual Studio Solution File, Format Version 12.00
# Visual Studio 15
VisualStudioVersion = 15.0.27428.1
MinimumVisualStudioVersion = 10.0.40219.1
Project("{FAE04EC0-301F-11D3-BF4B-00C04F79EFBC}") = "DataVisualDisplayDemo", "DataVisualDisplayDemo\DataVisualDisplayDemo.csproj", "{7C2305D2-393D-4DB5-9F4F-CFA5D223D479}"
EndProject
Project("{FAE04EC0-301F-11D3-BF4B-00C04F79EFBC}") = "DataVisualDisplay", "DataVisualDisplay\DataVisualDisplay.csproj", "{BBFB52D4-E978-4DE5-AAED-C8A0EB01E9E1}"
EndProject
Global
	GlobalSection(SolutionConfigurationPlatforms) = preSolution
		Debug|Any CPU = Debug|Any CPU
		Release|Any CPU = Release|Any CPU
	EndGlobalSection
	GlobalSection(ProjectConfigurationPlatforms) = postSolution
		{7C2305D2-393D-4DB5-9F4F-CFA5D223D479}.Debug|Any CPU.ActiveCfg = Debug|Any CPU
		{7C2305D2-393D-4DB5-9F4F-CFA5D223D479}.Debug|Any CPU.Build.0 = Debug|Any CPU
		{7C2305D2-393D-4DB5-9F4F-CFA5D223D479}.Release|Any CPU.ActiveCfg = Release|Any CPU
		{7C2305D2-393D-4DB5-9F4F-CFA5D223D479}.Release|Any CPU.Build.0 = Release|Any CPU
		{BBFB52D4-E978-4DE5-AAED-C8A0EB01E9E1}.Debug|Any CPU.ActiveCfg = Debug|Any CPU
		{BBFB52D4-E978-4DE5-AAED-C8A0EB01E9E1}.Debug|Any CPU.Build.0 = Debug|Any CPU
		{BBFB52D4-E978-4DE5-AAED-C8A0EB01E9E1}.Release|Any CPU.ActiveCfg = Release|Any CPU
		{BBFB52D4-E978-4DE5-AAED-C8A0EB01E9E1}.Release|Any CPU.Build.0 = Release|Any CPU
	EndGlobalSection
	GlobalSection(SolutionProperties) = preSolution
		HideSolutionNode = FALSE
	EndGlobalSection
	GlobalSection(ExtensibilityGlobals) = postSolution
		SolutionGuid = {F28D4DAE-3C22-46AF-927F-DCD806675E5B}
	EndGlobalSection
EndGlobal
